
Microsoft Visual Studio Solution File, Format Version 12.00
# Visual Studio Version 16
VisualStudioVersion = 16.0.29709.97
MinimumVisualStudioVersion = 10.0.40219.1
Project("{FAE04EC0-301F-11D3-BF4B-00C04F79EFBC}") = "animals", "animals.csproj", "{EB5C38B6-DBAD-4BF3-8DE0-4E4A1E9E9931}"
EndProject
Global
	GlobalSection(SolutionConfigurationPlatforms) = preSolution
		Debug|Any CPU = Debug|Any CPU
		Release|Any CPU = Release|Any CPU
	EndGlobalSection
	GlobalSection(ProjectConfigurationPlatforms) = postSolution
		{EB5C38B6-DBAD-4BF3-8DE0-4E4A1E9E9931}.Debug|Any CPU.ActiveCfg = Debug|Any CPU
		{EB5C38B6-DBAD-4BF3-8DE0-4E4A1E9E9931}.Debug|Any CPU.Build.0 = Debug|Any CPU
		{EB5C38B6-DBAD-4BF3-8DE0-4E4A1E9E9931}.Release|Any CPU.ActiveCfg = Release|Any CPU
		{EB5C38B6-DBAD-4BF3-8DE0-4E4A1E9E9931}.Release|Any CPU.Build.0 = Release|Any CPU
	EndGlobalSection
	GlobalSection(SolutionProperties) = preSolution
		HideSolutionNode = FALSE
	EndGlobalSection
	GlobalSection(ExtensibilityGlobals) = postSolution
		SolutionGuid = {23EC703A-4848-45B9-82E4-D1291AA4B995}
	EndGlobalSection
EndGlobal
